
Microsoft Visual Studio Solution File, Format Version 12.00
# Visual Studio 15
VisualStudioVersion = 15.0.28307.136
MinimumVisualStudioVersion = 10.0.40219.1
Project("{FAE04EC0-301F-11D3-BF4B-00C04F79EFBC}") = "WindowsFormsApp1", "WindowsFormsApp1\WindowsFormsApp1.csproj", "{824BA8D4-DDDD-4AA8-AD89-66213C8AED70}"
EndProject
Global
	GlobalSection(SolutionConfigurationPlatforms) = preSolution
		Debug|Any CPU = Debug|Any CPU
		Release|Any CPU = Release|Any CPU
	EndGlobalSection
	GlobalSection(ProjectConfigurationPlatforms) = postSolution
		{824BA8D4-DDDD-4AA8-AD89-66213C8AED70}.Debug|Any CPU.ActiveCfg = Debug|Any CPU
		{824BA8D4-DDDD-4AA8-AD89-66213C8AED70}.Debug|Any CPU.Build.0 = Debug|Any CPU
		{824BA8D4-DDDD-4AA8-AD89-66213C8AED70}.Release|Any CPU.ActiveCfg = Release|Any CPU
		{824BA8D4-DDDD-4AA8-AD89-66213C8AED70}.Release|Any CPU.Build.0 = Release|Any CPU
	EndGlobalSection
	GlobalSection(SolutionProperties) = preSolution
		HideSolutionNode = FALSE
	EndGlobalSection
	GlobalSection(ExtensibilityGlobals) = postSolution
		SolutionGuid = {588D839C-C3A2-4AB3-B9BD-544BBB779D08}
	EndGlobalSection
EndGlobal
